<structure>
{
  "name": "cleaning-service-3d",
  "version": "0.1.0",
  "lockfileVersion": 3,
  "requires": true,
  "packages": {
    "": {
      "name": "cleaning-service-3d",
      "version": "0.1.0",
      "dependencies": {
        "@react-three/drei": "10.0.7",
        "@react-three/fiber": "9.1.2",
        "@vitejs/plugin-react": "4.4.1",
        "axios": "1.9.0",
        "eslint": "9.26.0",
        "eslint-plugin-prettier": "5.4.0",
        "eslint-plugin-react": "7.37.5",
        "eslint-plugin-react-hooks": "5.2.0",
        "framer-motion": "12.10.5",
        "lucide-react": "0.509.0",
        "postcss": "8.4.21",
        "prettier": "3.2.5",
        "react": "19.1.0",
        "react-dom": "19.1.0",
        "tailwindcss": "4.1.6",
        "three": "0.176.0",
        "typescript": "5.8.3",
        "vite": "6.3.5",
        "vite-plugin-compression": "0.5.1"
      }
    },
    "node_modules/@babel/runtime": {
      "version": "7.24.0",
      "resolved": "https://registry.npmjs.org/@babel/runtime/-/runtime-7.24.0.tgz",
      "integrity": "sha512-OAvYwQ6vRCM/9K04F90ALiwhBw/gDSeYYjG1KMW+40s+B6vP0m6PqR7Q4+OEwez8E8wYjK8xh+mG88/2mAi6ig==",
      "dependencies": {
        "regenerator-runtime": "0.14.0"
      },
      "engines": {
        "node": ">=6.9.0"
      }
    },
    "node_modules/@pmmmwh/react-refresh-webpack-plugin": {
      "version": "0.5.11",
      "resolved": "https://registry.npmjs.org/@pmmmwh/react-refresh-webpack-plugin/-/react-refresh-webpack-plugin-0.5.11.tgz",
      "integrity": "sha512-Otz6mXTnFzK/yaby911pwrrikU7hHx628H0lF45tZzH9j8kYk3WyQW2tWTbQFGnBWhlS4vS13y50k9T5K9sKdg==",
      "dependencies": {
        "loader-utils": "2.0.4"
      },
      "peerDependencies": {
        "react-refresh": "^0.14.0",
        "webpack": "^5.0.0"
      },
      "engines": {
        "node": ">= 10.13.0"
      }
    },
    "node_modules/@popperjs/core": {
      "version": "2.11.8",
      "resolved": "https://registry.npmjs.org/@popperjs/core/-/core-2.11.8.tgz",
      "integrity": "sha512-P1uApNeq4p0wcnR0wG7ehd74zTte7g0IzP9uK9v+HqVpT63R3m5/3MVMmI+LQu+z1r5J57H5F0+NCf08+kMnw==",
      "peer": true,
      "peerDependenciesMeta": {
        "react-native": {
          "optional": true
        }
      }
    },
    "node_modules/@react-three/drei": {
      "version": "10.0.7",
      "resolved": "https://registry.npmjs.org/@react-three/drei/-/drei-10.0.7.tgz",
      "integrity": "sha512-0LwJ1iS479uW7sVfK/x5W4w46V1/i/O5l+lQ69dY60EwK0B4vT0j6K4eG7uL4jFw98tU1wH5J7g1Fj6o6Qyjw==",
      "peerDependencies": {
        "@react-spring/core": "*",
        "@react-spring/three": "*",
        "@types/three": "*",
        "postprocessing": "*",
        "react": "*",
        "react-dom": "*",
        "three": "^0.130.0"
      },
      "peerDependenciesMeta": {
        "@react-spring/core": {
          "optional": true
        },
        "@react-spring/three": {
          "optional": true
        },
        "postprocessing": {
          "optional": true
        }
      }
    },
    "node_modules/@react-three/fiber": {
      "version": "9.1.2",
      "resolved": "https://registry.npmjs.org/@react-three/fiber/-/fiber-9.1.2.tgz",
      "integrity": "sha512-t/aE6hP/p5D8R1e50h213p6w/K6d61u8O/hYxWJ+3F5n1Fk4s6h5n4Q6gA7UfJ9d6z/o1Q4W78q8z+n5zQ==",
      "peerDependencies": {
        "@types/three": "*",
        "react": "*",
        "react-dom": "*",
        "three": ">=0.146"
      }
    },
    "node_modules/@rollup/pluginutils": {
      "version": "5.1.0",
      "resolved": "https://registry.npmjs.org/@rollup/pluginutils/-/pluginutils-5.1.0.tgz",
      "integrity": "sha512-Y8o09oJLFjx4OcCqSioZtGeq6U0ICxM1V5SHV4G8C9jQdYBFcK5m17zXW1WQsWfI2UjV5+8R1QT5YI84fIcgDg==",
      "engines": {
        "node": ">=14.18.0"
      }
    },
    "node_modules/@smithy/smithy-client": {
      "version": "2.4.0",
      "resolved": "https://registry.npmjs.org/@smithy/smithy-client/-/smithy-client-2.4.0.tgz",
      "integrity": "sha512-1Mdtw9j+K7p533+aE0l4z/k4C93S7nQYV3aQdYmJ4P2za8gNPhcRk0L1bQ8l4vD40I0bT9GfN7kC/I+M3t0w==",
      "dependencies": {
        "@smithy/types": "2.9.0"
      },
      "engines": {
        "node": ">=14.0.0"
      }
    },
    "node_modules/@svgr/plugin-jsx": {
      "version": "8.1.0",
      "resolved": "https://registry.npmjs.org/@svgr/plugin-jsx/-/plugin-jsx-8.1.0.tgz",
      "integrity": "sha512-q10cE26eE9/w8g5N+r9a4VqV4g6R5wVq57L5v2x9EgnO0FwE2v2qfJ+hE40bN0U1tQ/H1d385tYt1t6Q0Uag==",
      "engines": {
        "node": ">=14"
      }
    },
    "node_modules/@svgr/webpack": {
      "version": "8.1.0",
      "resolved": "https://registry.npmjs.org/@svgr/webpack/-/webpack-8.1.0.tgz",
      "integrity": "sha512-E2/bV3K8L8Vq15m9r6i4U/YxP3x509yq8L20lG2tFp5/VzW2L2NqLq5j4d7V1Rj3w1hJ6sUj/sWn8Q/TzPpw==",
      "dependencies": {
        "@svgr/plugin-jsx": "8.1.0",
        "camelcase": "6.3.0",
        "loader-utils": "2.0.4",
        "memoize-one": "5.5.0"
      },
      "engines": {
        "node": ">=14"
      },
      "peerDependencies": {
        "webpack": ">=5.1"
      }
    },
    "node_modules/@szmarczak/http-timer": {
      "version": "1.1.2",
      "resolved": "https://registry.npmjs.org/@szmarczak/http-timer/-/http-timer-1.1.2.tgz",
      "integrity": "sha512-sOsPUbqUjJ4rnicK2cQmKQM0eY0aEvjYYjFO6tKz0fWyJEZWJ3qYzK7CZK9Ph4+9YEZqQGk2e5jzq5d0K2j1bA==",
      "dependencies": {
        "defer-to-connect": "2.0.1"
      },
      "engines": {
        "node": ">=12"
      }
    },
    "node_modules/@typescript-eslint/eslint-plugin": {
      "version": "8.32.0",
      "resolved": "https://registry.npmjs.org/@typescript-eslint/eslint-plugin/-/eslint-plugin-8.32.0.tgz",
      "integrity": "sha512-aXwD/u77F89u/M6m/oT8i6lQdD/2c6M9aB7DmtV5vP3b99H1F61QY9Gdt9H41K7w17V100s+GvC9a11/p1Ltw==",
      "dependencies": {
        "@typescript-eslint/utils": "8.32.0",
        "debug": "^4.3.3",
        "semver": "^6.3.0"
      },
      "engines": {
        "node": "^12.22.0 || ^14.17.0 || >=16.0.0"
      },
      "peerDependencies": {
        "@typescript-eslint/parser": "*",
        "eslint": "^7.0.0"
      }
    },
    "node_modules/@typescript-eslint/parser": {
      "version": "8.32.0",
      "resolved": "https://registry.npmjs.org/@typescript-eslint/parser/-/parser-8.32.0.tgz",
      "integrity": "sha512-sQdC6hJ3yFxx3i97+JtW+tHwI6vK1gM3X0S0Yn0bT6e3a9w1wYp++g0Y8Nn+mK4W/x4R6N0+2nO14yIAlj7tg==",
      "dependencies": {
        "@typescript-eslint/typescript-estree": "6.0.0",
        "debug": "^4.3.3"
      },
      "engines": {
        "node": "^12.22.0 || ^14.17.0 || >=16.0.0"
      },
      "peerDependencies": {
        "eslint": "^7.0.0"
      }
    },
    "node_modules/@typescript-eslint/scope-manager": {
      "version": "6.0.0",
      "resolved": "https://registry.npmjs.org/@typescript-eslint/scope-manager/-/scope-manager-6.0.0.tgz",
      "integrity": "sha512-K1I65zBf5LzX9T5P6XQGgV4uD4o6mUa9eIu84iBPP2iHxyj0Q84i3d+bS3v959M0lW64gBS3f/x3FjX9f8yDg==",
      "dependencies": {
        "@typescript-eslint/visitor-keys": "3.0.0",
        "debug": "^4.3.2"
      },
      "engines": {
        "node": "^12.22.0 || ^14.17.0 || >=16.0.0"
      }
    },
    "node_modules/@typescript-eslint/type-utils": {
      "version": "6.0.0",
      "resolved": "https://registry.npmjs.org/@typescript-eslint/type-utils/-/type-utils-6.0.0.tgz",
      "integrity": "sha512-G/Xn+yTqN6jOPlX5+Y1iGfG5vQ4vZT/2zE/X2JCaswVQsKz4f2+Trk0Njp6F/4a9H+0z9qAS2jD+t8L5+K0e3Q==",
      "dependencies": {
        "@typescript-eslint/scope-manager": "6.0.0",
        "@typescript-eslint/typescript-estree": "6.0.0",
        "debug": "^4.3.2"
      },
      "engines": {
        "node": "^12.22.0 || ^14.17.0 || >=16.0.0"
      }
    },
    "node_modules/@typescript-eslint/typescript-estree": {
      "version": "6.0.0",
      "resolved": "https://registry.npmjs.org/@typescript-eslint/typescript-estree/-/typescript-estree-6.0.0.tgz",
      "integrity": "sha512-r5n0K6rJzT7c5fKqN+uHnB7B2r5pE001I1q93cWqP3/sW6jU92hQfW1p+Wb3633Q31s5B7Uv/E7TzQ34Gg7g==",
      "dependencies": {
        "@typescript-eslint/visitor-keys": "3.0.0",
        "debug": "^4.3.2",
        "globby": "^11.0.2",
        "semver": "^6.3.0",
        "tsutils": "^3.21.0"
      },
      "engines": {
        "node": "^12.22.0 || ^14.17.0 || >=16.0.0"
      }
    },
    "node_modules/@typescript-eslint/utils": {
      "version": "8.32.0",
      "resolved": "https://registry.npmjs.org/@typescript-eslint/utils/-/utils-8.32.0.tgz",
      "integrity": "sha512-dE64L9/v0P796t2qU/wS7Y80j20+J01aWvTf7uN9K85uL/y6P85p5D4U1V8x+5sI7+i4Q48yNnU1i/vTz87Q==",
      "dependencies": {
        "@typescript-eslint/type-utils": "6.0.0",
        "@typescript-eslint/visitor-keys": "3.0.0",
        "debug": "^4.3.3",
        "eslint-scope": "^5.1.1",
        "eslint-utils": "^3.0.0",
        "semver": "^6.3.0"
      },
      "engines": {
        "node": "^12.22.0 || ^14.17.0 || >=16.0.0"
      }
    },
    "node_modules/@typescript-eslint/visitor-keys": {
      "version": "3.0.0",
      "resolved": "https://registry.npmjs.org/@typescript-eslint/visitor-keys/-/visitor-keys-3.0.0.tgz",
      "integrity": "sha512-wudV4J53V6p39E9wiE0hnO5+RGSyTRzDqG6v3Bq+v3r0QCuZBtN6aK1Q+vE7d1K9J8nECWJN2+IJG/+v4Kz1Q==",
      "engines": {
        "node": "^8.0.0 || ^10.0.0 || >= 12.0.0"
      }
    },
    "node_modules/@vitejs/plugin-react": {
      "version": "4.4.1",
      "resolved": "https://registry.npmjs.org/@vitejs/plugin-react/-/plugin-react-4.4.1.tgz",
      "integrity": "sha512-v0T7kK2lq+Y74qKq5a1l92W67G2a8327f/2c+hR40jYn4qQk9oK5gJt1z3E05XU/D2qD/F3+K8d9iR2+p3Q==",
      "dependencies": {
        "@babel/runtime": "^7.0.0",
        "@pmmmwh/react-refresh-webpack-plugin": "0.5.11",
        "@svgr/webpack": "8.1.0",
        "esbuild": "^0.19.11",
        "fast-glob": "^3.3.1",
        "html-escaper": "^3.1.1"
      },
      "peerDependencies": {
        "react": "^16.0.0 || ^17.0.0 || ^18.0.0",
        "react-dom": "^16.0.0 || ^17.0.0 || ^18.0.0",
        "vite": "^4.0.0 || ^5.0.0"
      },
      "engines": {
        "node": ">=14.18.0"
      }
    },
    "node_modules/agent-base": {
      "version": "6.0.2",
      "resolved": "https://registry.npmjs.org/agent-base/-/agent-base-6.0.2.tgz",
      "integrity": "sha512-kYv+S+jJ0dyt9bCXJ/zh7P+ODG9nUJeE+Y8kWg8NqEH0wUhnsqz4RoQ5NpiE0+pgRa5OUZlh5Yq8TbsQxyYKgQ==",
      "engines": {
        "node": ">= 14"
      }
    },
    "node_modules/ansi-styles": {
      "version": "4.0.0",
      "resolved": "https://registry.npmjs.org/ansi-styles/-/ansi-styles-4.0.0.tgz",
      "integrity": "sha512-2M9oFoqNmdW99PYm+W26z1c09AG2Kx8nOoWb15VM/YLxwU+3ozQYPm5c5l4Oa5upN89aESYuR9VBzNKJ1uJyw==",
      "engines": {
        "node": ">=6"
      }
    },
    "node_modules/arg": {
      "version": "5.0.2",
      "resolved": "https://registry.npmjs.org/arg/-/arg-5.0.2.tgz",
      "integrity": "sha512-WfOaJTQjvWcWcE5T1Vz340jF8Qw+Q1h8cOXtfj+v26+9WJaqQK2tWt8q+eG7w8a457c59e4m1054v8iVqjXQ==",
      "engines": {
        "node": ">=12"
      }
    },
    "node_modules/async-retry": {
      "version": "1.3.3",
      "resolved": "https://registry.npmjs.org/async-retry/-/async-retry-1.3.3.tgz",
      "integrity": "sha512-Ww9g4qKxSNt+j9FhNdjy/M2e5wbg4K+z+pSzX0mC4KcMZnYkTb+yL/aPDpF9CILJmD45E4C1twiSHS7pD0v8w==",
      "engines": {
        "node": ">=6"
      }
    },
    "node_modules/autoprefixer": {
      "version": "10.4.21",
      "resolved": "https://registry.npmjs.org/autoprefixer/-/autoprefixer-10.4.21.tgz",
      "integrity": "sha512-f1/DRw0YkoxrF1eXoVfGz91Jp9b9v3Q8J7yJm1N7rQ6+7d/6z84tI3cI06K2j3614cI24Y6r09y9g65lQ==",
      "dependencies": {
        "browserslist": "^4.0.0",
        "caniuse-lite": peerDepVersion,
        "colorette": "^2.0.19",
        "fraction.js": "^4.0.0",
        "normalize-range": "^0.1.2",
        "picocolors": "^1.0.0",
        "postcss": "^8.1.0",
        "postcss-value-parser": "^4.2.0"
      },
      "engines": {
        "node": ">=12"
      },
      "peerDependencies": {
        "cssnano": "*"
      },
      "funding": {
        "url": "https://opencollective.com/autoprefixer"
      }
    },
    "node_modules/axios": {
      "version": "1.9.0",
      "resolved": "https://registry.npmjs.org/axios/-/axios-1.9.0.tgz",
      "integrity": "sha512-y2K93a61/vj+xQk2J/fQoijc2t+6y+Lq64WJk7Xh1F/1r+QW2l3K13vNfs3oU+8B/R2q0zN943jLz+F/c4jw==",
      "engines": {
        "node": ">=14.0"
      }
    },
    "node_modules/base64-js": {
      "version": "1.5.1",
      "resolved": "https://registry.npmjs.org/base64-js/-/base64-js-1.5.1.tgz",
      "integrity": "sha512-AKxywzxw3VSvr3gQjJQA5dCsOruj+omlbmV2x9LhTd6wr/FjMa5HlY3L9j7c6bVBO43xqRz3WJQY5R5G2jcdg==",
      "engines": {
        "node": ">= 0.6"
      }
    },
    "node_modules/binary-extensions": {
      "version": "2.2.0",
      "resolved": "https://registry.npmjs.org/binary-extensions/-/binary-extensions-2.2.0.tgz",
      "integrity": "sha512-jTJF7EjHVoSJUYwxZ2pa7Fby4tHwVO+8mQtCIYOKmXJrz+MohnKiT1CANj5kP5DwK07kjRJB32E6jMkJjleNA==",
      "engines": {
        "node": ">=8"
      }
    },
    "node_modules/braces": {
      "version": "3.0.2",
      "resolved": "https://registry.npmjs.org/braces/-/braces-3.0.2.tgz",
      "integrity": "sha512-b8um+L1RzM3WDSzvhm6gIz1JlGtMOcKmefc5WmOxauuYqtHM53IO2t2P6k9PngLfczyJ367qMGvLA2FFIPE63w==",
      "dependencies": {
        "fill-range": "^7.0.1"
      },
      "engines": {
        "node": ">=8"
      }
    },
    "node_modules/browserslist": {
      "version": "4.23.0",
      "resolved": "https://registry.npmjs.org/browserslist/-/browserslist-4.23.0.tgz",
      "integrity": "sha512-Bqa6s95W+s764pCzGhy+Tpv9kMGs0VqGNt58H1zH0g4G6hYmF01z7+RlgvweWjQtP9CzG/9s2jtRMc4aF97ng==",
      "engines": {
        "node": ">=6"
      },
      "funding": {
        "type": "opencollective",
        "url": "https://opencollective.com/browserslist"
      }
    },
    "node_modules/buffer": {
      "version": "5.7.1",
      "resolved": "https://registry.npmjs.org/buffer/-/buffer-5.7.1.tgz",
      "integrity": "sha512-sehHRuayq+E8YyvX2WJyr4P2zWlkkiup+cx+z9HBvfoRch+czErt2K9V3mx9NdpO1IN2tlPZtzRghip0KvrPQ==",
      "engines": {
        "node": ">= 6"
      }
    },
    "node_modules/camelcase": {
      "version": "6.3.0",
      "resolved": "https://registry.npmjs.org/camelcase/-/camelcase-6.3.0.tgz",
      "integrity": "sha512-jDESjo6QG5Y30QO2Y0TSUqnFJeEY5PaCrKj6E5MkTmqeakeku6bk6X4Y8N0z9N4CMt3z+r17vQvjvnjwEQV6YQ==",
      "engines": {
        "node": ">=10"
      },
      "funding": {
        "url": "https://github.com/sponsors/sindresorhus"
      }
    },
    "node_modules/caniuse-lite": {
      "version": "1.0.30001579",
      "resolved": "https://registry.npmjs.org/caniuse-lite/-/caniuse-lite-1.0.30001579.tgz",
      "integrity": "sha512-zQnL7V3O8jB4iM34lV/R9YlQ/x6hO+sJ10e7zV78o/VvY9tL+g/g44+B6gU//bJzQk3848L+9H1I3n90B9Q==",
      "peer": true
    },
    "node_modules/chalk": {
      "version": "4.1.2",
      "resolved": "https://registry.npmjs.org/chalk/-/chalk-4.1.2.tgz",
      "integrity": "sha512-oKnbhFyRIXpUuez8iBMnErobCAvQeBYYXvWkL5Pqwd+tqiAAunOHQPcj+lqG39VBZWp9oP+am4q99iKYvKefw==",
      "dependencies": {
        "ansi-styles": "^4.0.0",
        "supports-color": "^7.0.0"
      },
      "engines": {
        "node": ">=10"
      },
      "funding": {
        "url": "https://opencollective.com/chalk"
      }
    },
    "node_modules/colorette": {
      "version": "2.0.20",
      "resolved": "https://registry.npmjs.org/colorette/-/colorette-2.0.20.tgz",
      "integrity": "sha512-jZ91QvHwzWJd9VMEDj95jH5gqA6H28XQ9kOa8v01iJsch0r3S+esg+dE6Kvb6n+zV5lDvQ+9w4/qJvfzI9mQA==",
      "engines": {
        "node": ">=12"
      }
    },
    "node_modules/concat-map": {
      "version": "0.0.1",
      "resolved": "https://registry.npmjs.org/concat-map/-/concat-map-0.0.1.tgz",
      "integrity": "sha512-/SggwbF4Y33y9MpK5y8gSxg1H0yK6gTTgV6v1QvSjhsycs2zq3xRzoTqfEAdU0x9ca4fm8hW6g2PWH0yYyKMg=="
    },
    "node_modules/cssesc": {
      "version": "3.0.0",
      "resolved": "https://registry.npmjs.org/cssesc/-/cssesc-3.0.0.tgz",
      "integrity": "sha512-eP6uu5Z2e+w1sFjV+j9t2fMaXuh7mHqN2rRlB2x3F2wP0m1m9o63gJ25VdJtXw4f6YvW8Y2vXp+3b6uM7u4wA==",
      "engines": {
        "node": ">=4"
      }
    },
    "node_modules/debug": {
      "version": "4.3.4",
      "resolved": "https://registry.npmjs.org/debug/-/debug-4.3.4.tgz",
      "integrity": "sha512-JYcg7jWTIx8JVh0lInjo8kS52JEqQwhJhTr9awJRCxqeYkVoIpV50eq6rRs0m2856H2RUKX27QouyCH5fEkqDQ==",
      "dependencies": {
        "ms": "2.1.2"
      },
      "engines": {
        "node": ">=6.0"
      },
      "peerDependencies": {
        "supports-color": "*"
      },
      "funding": {
        "type": "github",
        "url": "https://github.com/sponsors/Qix-"
      }
    },
    "node_modules/defer-to-connect": {
      "version": "2.0.1",
      "resolved": "https://registry.npmjs.org/defer-to-connect/-/defer-to-connect-2.0.1.tgz",
      "integrity": "sha512-zxUUplYKy9w6x3b3mR2LwKZTgBw1W/i72T3fEHjv7B6WuhBdMXz6QDuU7/vUIM9yahL4rqE00yP+wnumkZwyNg==",
      "engines": {
        "node": ">=12"
      }
    },
    "node_modules/define-properties": {
      "version": "1.1.4",
      "resolved": "https://registry.npmjs.org/define-properties/-/define-properties-1.1.4.tgz",
      "integrity": "sha512-rAu0a7xYfH0bQ4mxBw7tY2Fq0hz4Q9y/mC6z31pG9gPEzK7zGki0X3tQzgtx1gK22bVR47dYcQTb0G0Voueg==",
      "engines": {
        "node": ">= 0.4"
      }
    },